# This file was autogenerated by Stack.
# You should not edit this file by hand.
# For more information, please see the documentation at:
#   https://docs.haskellstack.org/en/stable/lock_files

packages:
- completed:
    hackage: cointracking-imports-0.1.0.1@sha256:76885641705c1d197347018428542afc121aea80000d4030ee7556326a7e2e14,3049
    pantry-tree:
      size: 467
      sha256: 16eb81358a670ed8c00ea0b823b27deb2325819de022189ba4516f90668c3e60
  original:
    hackage: cointracking-imports-0.1.0.1
snapshots:
- completed:
    size: 585817
    url: https://raw.githubusercontent.com/commercialhaskell/stackage-snapshots/master/lts/18/5.yaml
    sha256: 22d24d0dacad9c1450b9a174c28d203f9bb482a2a8da9710a2f2a9f4afee2887
  original:
    url: https://raw.githubusercontent.com/commercialhaskell/stackage-snapshots/master/lts/18/5.yaml
