# This file was autogenerated by Stack.
# You should not edit this file by hand.
# For more information, please see the documentation at:
#   https://docs.haskellstack.org/en/stable/lock_files

packages:
- completed:
    hackage: cointracking-imports-0.1.0.0@sha256:42cf5d7c00059b041d9e76fbaa4dee9284465e8c8940a07d2394ddbc5dcc0040,3049
    pantry-tree:
      size: 466
      sha256: e38ea758da3306139883c77728d9a67a2a7b7cf83afe2bb98d0a2d85a1aee3b0
  original:
    hackage: cointracking-imports-0.1.0.0
snapshots:
- completed:
    size: 585817
    url: https://raw.githubusercontent.com/commercialhaskell/stackage-snapshots/master/lts/18/5.yaml
    sha256: 22d24d0dacad9c1450b9a174c28d203f9bb482a2a8da9710a2f2a9f4afee2887
  original:
    url: https://raw.githubusercontent.com/commercialhaskell/stackage-snapshots/master/lts/18/5.yaml
